
Microsoft Visual Studio Solution File, Format Version 12.00
# Visual Studio Version 17
VisualStudioVersion = 17.5.002.0
MinimumVisualStudioVersion = 10.0.40219.1
Project("{9A19103F-16F7-4668-BE54-9A1E7A4F7556}") = "ContosoPizza", "ContosoPizza\ContosoPizza.csproj", "{EE0F62FD-CE9B-4F70-9520-9D6E07DCF0EF}"
EndProject
Global
	GlobalSection(SolutionConfigurationPlatforms) = preSolution
		Debug|Any CPU = Debug|Any CPU
		Release|Any CPU = Release|Any CPU
	EndGlobalSection
	GlobalSection(ProjectConfigurationPlatforms) = postSolution
		{EE0F62FD-CE9B-4F70-9520-9D6E07DCF0EF}.Debug|Any CPU.ActiveCfg = Debug|Any CPU
		{EE0F62FD-CE9B-4F70-9520-9D6E07DCF0EF}.Debug|Any CPU.Build.0 = Debug|Any CPU
		{EE0F62FD-CE9B-4F70-9520-9D6E07DCF0EF}.Release|Any CPU.ActiveCfg = Release|Any CPU
		{EE0F62FD-CE9B-4F70-9520-9D6E07DCF0EF}.Release|Any CPU.Build.0 = Release|Any CPU
	EndGlobalSection
	GlobalSection(SolutionProperties) = preSolution
		HideSolutionNode = FALSE
	EndGlobalSection
	GlobalSection(ExtensibilityGlobals) = postSolution
		SolutionGuid = {C32CF15E-38F6-4945-AC84-119F8F555763}
	EndGlobalSection
EndGlobal
